
Microsoft Visual Studio Solution File, Format Version 12.00
# Visual Studio Version 17
VisualStudioVersion = 17.5.002.0
MinimumVisualStudioVersion = 10.0.40219.1
Project("{9A19103F-16F7-4668-BE54-9A1E7A4F7556}") = "task019", "task019\task019.csproj", "{AA650A3B-4051-44F5-A488-60E6163BB9E4}"
EndProject
Project("{9A19103F-16F7-4668-BE54-9A1E7A4F7556}") = "task021", "task021\task021.csproj", "{CD9A493C-3E58-4E55-8CAC-576D552113E2}"
EndProject
Project("{9A19103F-16F7-4668-BE54-9A1E7A4F7556}") = "task023", "task023\task023.csproj", "{1C758E83-7F8A-4C85-A59F-141A689501E0}"
EndProject
Global
	GlobalSection(SolutionConfigurationPlatforms) = preSolution
		Debug|Any CPU = Debug|Any CPU
		Release|Any CPU = Release|Any CPU
	EndGlobalSection
	GlobalSection(ProjectConfigurationPlatforms) = postSolution
		{AA650A3B-4051-44F5-A488-60E6163BB9E4}.Debug|Any CPU.ActiveCfg = Debug|Any CPU
		{AA650A3B-4051-44F5-A488-60E6163BB9E4}.Debug|Any CPU.Build.0 = Debug|Any CPU
		{AA650A3B-4051-44F5-A488-60E6163BB9E4}.Release|Any CPU.ActiveCfg = Release|Any CPU
		{AA650A3B-4051-44F5-A488-60E6163BB9E4}.Release|Any CPU.Build.0 = Release|Any CPU
		{CD9A493C-3E58-4E55-8CAC-576D552113E2}.Debug|Any CPU.ActiveCfg = Debug|Any CPU
		{CD9A493C-3E58-4E55-8CAC-576D552113E2}.Debug|Any CPU.Build.0 = Debug|Any CPU
		{CD9A493C-3E58-4E55-8CAC-576D552113E2}.Release|Any CPU.ActiveCfg = Release|Any CPU
		{CD9A493C-3E58-4E55-8CAC-576D552113E2}.Release|Any CPU.Build.0 = Release|Any CPU
		{1C758E83-7F8A-4C85-A59F-141A689501E0}.Debug|Any CPU.ActiveCfg = Debug|Any CPU
		{1C758E83-7F8A-4C85-A59F-141A689501E0}.Debug|Any CPU.Build.0 = Debug|Any CPU
		{1C758E83-7F8A-4C85-A59F-141A689501E0}.Release|Any CPU.ActiveCfg = Release|Any CPU
		{1C758E83-7F8A-4C85-A59F-141A689501E0}.Release|Any CPU.Build.0 = Release|Any CPU
	EndGlobalSection
	GlobalSection(SolutionProperties) = preSolution
		HideSolutionNode = FALSE
	EndGlobalSection
	GlobalSection(ExtensibilityGlobals) = postSolution
		SolutionGuid = {CE9C8AA2-9630-4821-B7E3-4D14A134D412}
	EndGlobalSection
EndGlobal
